
Microsoft Visual Studio Solution File, Format Version 12.00
# Visual Studio 2013
VisualStudioVersion = 12.0.31101.0
MinimumVisualStudioVersion = 10.0.40219.1
Project("{FAE04EC0-301F-11D3-BF4B-00C04F79EFBC}") = "Playground.CQRS.Web", "Playground.CQRS.Web\Playground.CQRS.Web.csproj", "{587E9C93-A6EC-4C89-BB6B-30B579CDA38B}"
EndProject
Project("{FAE04EC0-301F-11D3-BF4B-00C04F79EFBC}") = "Playground.CQRS.Web.Tests", "Playground.CQRS.Web.Tests\Playground.CQRS.Web.Tests.csproj", "{173F16DE-818C-4D1F-904F-11F3B5490958}"
EndProject
Project("{FAE04EC0-301F-11D3-BF4B-00C04F79EFBC}") = "Playground.CQRS.Domain.Tests", "Playground.CQRS.Domain.Tests\Playground.CQRS.Domain.Tests.csproj", "{C1E44EFD-4A9A-40C8-954E-266122047069}"
EndProject
Project("{FAE04EC0-301F-11D3-BF4B-00C04F79EFBC}") = "Playground.CQRS.Configuration", "Playground.CQRS.Configuration\Playground.CQRS.Configuration.csproj", "{A7EDB19B-5052-434A-A911-520179C970DA}"
EndProject
Project("{FAE04EC0-301F-11D3-BF4B-00C04F79EFBC}") = "Playground.CQRS.Domain", "Playground.CQRS.Domain\Playground.CQRS.Domain.csproj", "{EB77E5C9-F1E4-473C-A62B-114010AEBA2D}"
EndProject
Project("{FAE04EC0-301F-11D3-BF4B-00C04F79EFBC}") = "Playground.CQRS.Infrastructure", "Playground.CQRS.Infrastructure\Playground.CQRS.Infrastructure.csproj", "{3A3516F9-6F69-43CD-91D8-DB09583CD87E}"
EndProject
Global
	GlobalSection(SolutionConfigurationPlatforms) = preSolution
		Debug|Any CPU = Debug|Any CPU
		Release|Any CPU = Release|Any CPU
	EndGlobalSection
	GlobalSection(ProjectConfigurationPlatforms) = postSolution
		{587E9C93-A6EC-4C89-BB6B-30B579CDA38B}.Debug|Any CPU.ActiveCfg = Debug|Any CPU
		{587E9C93-A6EC-4C89-BB6B-30B579CDA38B}.Debug|Any CPU.Build.0 = Debug|Any CPU
		{587E9C93-A6EC-4C89-BB6B-30B579CDA38B}.Release|Any CPU.ActiveCfg = Release|Any CPU
		{587E9C93-A6EC-4C89-BB6B-30B579CDA38B}.Release|Any CPU.Build.0 = Release|Any CPU
		{173F16DE-818C-4D1F-904F-11F3B5490958}.Debug|Any CPU.ActiveCfg = Debug|Any CPU
		{173F16DE-818C-4D1F-904F-11F3B5490958}.Debug|Any CPU.Build.0 = Debug|Any CPU
		{173F16DE-818C-4D1F-904F-11F3B5490958}.Release|Any CPU.ActiveCfg = Release|Any CPU
		{173F16DE-818C-4D1F-904F-11F3B5490958}.Release|Any CPU.Build.0 = Release|Any CPU
		{C1E44EFD-4A9A-40C8-954E-266122047069}.Debug|Any CPU.ActiveCfg = Debug|Any CPU
		{C1E44EFD-4A9A-40C8-954E-266122047069}.Debug|Any CPU.Build.0 = Debug|Any CPU
		{C1E44EFD-4A9A-40C8-954E-266122047069}.Release|Any CPU.ActiveCfg = Release|Any CPU
		{C1E44EFD-4A9A-40C8-954E-266122047069}.Release|Any CPU.Build.0 = Release|Any CPU
		{A7EDB19B-5052-434A-A911-520179C970DA}.Debug|Any CPU.ActiveCfg = Debug|Any CPU
		{A7EDB19B-5052-434A-A911-520179C970DA}.Debug|Any CPU.Build.0 = Debug|Any CPU
		{A7EDB19B-5052-434A-A911-520179C970DA}.Release|Any CPU.ActiveCfg = Release|Any CPU
		{A7EDB19B-5052-434A-A911-520179C970DA}.Release|Any CPU.Build.0 = Release|Any CPU
		{EB77E5C9-F1E4-473C-A62B-114010AEBA2D}.Debug|Any CPU.ActiveCfg = Debug|Any CPU
		{EB77E5C9-F1E4-473C-A62B-114010AEBA2D}.Debug|Any CPU.Build.0 = Debug|Any CPU
		{EB77E5C9-F1E4-473C-A62B-114010AEBA2D}.Release|Any CPU.ActiveCfg = Release|Any CPU
		{EB77E5C9-F1E4-473C-A62B-114010AEBA2D}.Release|Any CPU.Build.0 = Release|Any CPU
		{3A3516F9-6F69-43CD-91D8-DB09583CD87E}.Debug|Any CPU.ActiveCfg = Debug|Any CPU
		{3A3516F9-6F69-43CD-91D8-DB09583CD87E}.Debug|Any CPU.Build.0 = Debug|Any CPU
		{3A3516F9-6F69-43CD-91D8-DB09583CD87E}.Release|Any CPU.ActiveCfg = Release|Any CPU
		{3A3516F9-6F69-43CD-91D8-DB09583CD87E}.Release|Any CPU.Build.0 = Release|Any CPU
	EndGlobalSection
	GlobalSection(SolutionProperties) = preSolution
		HideSolutionNode = FALSE
	EndGlobalSection
EndGlobal
